// !$*UTF8*$!
{
	archiveVersion = 1;
	classes = {
	};
	objectVersion = 77;
	objects = {

/* Begin PBXBuildFile section */
		7F14AF8A2FA5DF4D00FEBF1E /* SakuttoSplitView.swift in Sources */ = {isa = PBXBuildFile; fileRef = 7F14AF882FA5DF4D00FEBF1E /* SakuttoSplitView.swift */; };
		7F14AF8B2FA5DF4D00FEBF1E /* SakuttoSplitApp.swift in Sources */ = {isa = PBXBuildFile; fileRef = 7F14AF892FA5DF4D00FEBF1E /* SakuttoSplitApp.swift */; };
		7F14AF8C2FA5DF4D00FEBF1E /* Assets.xcassets in Resources */ = {isa = PBXBuildFile; fileRef = 7F14AF872FA5DF4D00FEBF1E /* Assets.xcassets */; };
		7F14AF982FA5ED1B00FEBF1E /* AttendeeGroup.swift in Sources */ = {isa = PBXBuildFile; fileRef = 7F14AF962FA5EC2100FEBF1E /* AttendeeGroup.swift */; };
		7F14AF992FA5ED3400FEBF1E /* View+Extension.swift in Sources */ = {isa = PBXBuildFile; fileRef = 7F14AF972FA5EC7A00FEBF1E /* View+Extension.swift */; };
		7F14AF9B2FA5EDBA00FEBF1E /* SakuttoSplitInteractor.swift in Sources */ = {isa = PBXBuildFile; fileRef = 7F14AF9A2FA5EDB700FEBF1E /* SakuttoSplitInteractor.swift */; };
		7F14AF9D2FA5EE2000FEBF1E /* SakuttoSplitPresenter.swift in Sources */ = {isa = PBXBuildFile; fileRef = 7F14AF9C2FA5EE1700FEBF1E /* SakuttoSplitPresenter.swift */; };
		7F14AF9F2FA5EF8800FEBF1E /* SakuttoSplitRouter.swift in Sources */ = {isa = PBXBuildFile; fileRef = 7F14AF9E2FA5EF8600FEBF1E /* SakuttoSplitRouter.swift */; };
		7F585B583029FC650011A6CB /* AdBannerView.swift in Sources */ = {isa = PBXBuildFile; fileRef = 7F585B573029FC650011A6CB /* AdBannerView.swift */; };
		7FCB1D3330271BE900F74351 /* GoogleMobileAds in Frameworks */ = {isa = PBXBuildFile; productRef = 7FCB1D3230271BE900F74351 /* GoogleMobileAds */; };
/* End PBXBuildFile section */

/* Begin PBXContainerItemProxy section */
		7F14AFA82FA5F82F00FEBF1E /* PBXContainerItemProxy */ = {
			isa = PBXContainerItemProxy;
			containerPortal = 7FDD97C42FA58CB10063A443 /* Project object */;
			proxyType = 1;
			remoteGlobalIDString = 7FDD97CB2FA58CB10063A443;
			remoteInfo = LetsSplitTheBill;
		};
/* End PBXContainerItemProxy section */

/* Begin PBXFileReference section */
		7F14AF872FA5DF4D00FEBF1E /* Assets.xcassets */ = {isa = PBXFileReference; lastKnownFileType = folder.assetcatalog; path = Assets.xcassets; sourceTree = "<group>"; };
		7F14AF882FA5DF4D00FEBF1E /* SakuttoSplitView.swift */ = {isa = PBXFileReference; lastKnownFileType = sourcecode.swift; path = SakuttoSplitView.swift; sourceTree = "<group>"; };
		7F14AF892FA5DF4D00FEBF1E /* SakuttoSplitApp.swift */ = {isa = PBXFileReference; lastKnownFileType = sourcecode.swift; path = SakuttoSplitApp.swift; sourceTree = "<group>"; };
		7F14AF962FA5EC2100FEBF1E /* AttendeeGroup.swift */ = {isa = PBXFileReference; lastKnownFileType = sourcecode.swift; path = AttendeeGroup.swift; sourceTree = "<group>"; };
		7F14AF972FA5EC7A00FEBF1E /* View+Extension.swift */ = {isa = PBXFileReference; lastKnownFileType = sourcecode.swift; path = "View+Extension.swift"; sourceTree = "<group>"; };
		7F14AF9A2FA5EDB700FEBF1E /* SakuttoSplitInteractor.swift */ = {isa = PBXFileReference; lastKnownFileType = sourcecode.swift; path = SakuttoSplitInteractor.swift; sourceTree = "<group>"; };
		7F14AF9C2FA5EE1700FEBF1E /* SakuttoSplitPresenter.swift */ = {isa = PBXFileReference; lastKnownFileType = sourcecode.swift; path = SakuttoSplitPresenter.swift; sourceTree = "<group>"; };
		7F14AF9E2FA5EF8600FEBF1E /* SakuttoSplitRouter.swift */ = {isa = PBXFileReference; lastKnownFileType = sourcecode.swift; path = SakuttoSplitRouter.swift; sourceTree = "<group>"; };
		7F14AFA42FA5F82F00FEBF1E /* SakuttoSplitTests.xctest */ = {isa = PBXFileReference; explicitFileType = wrapper.cfbundle; includeInIndex = 0; path = SakuttoSplitTests.xctest; sourceTree = BUILT_PRODUCTS_DIR; };
		7F585B573029FC650011A6CB /* AdBannerView.swift */ = {isa = PBXFileReference; lastKnownFileType = sourcecode.swift; path = AdBannerView.swift; sourceTree = "<group>"; };
		7FCB1D04302718BE00F74351 /* Info.plist */ = {isa = PBXFileReference; lastKnownFileType = text.plist.xml; path = Info.plist; sourceTree = "<group>"; };
		7FDD97CC2FA58CB10063A443 /* SakuttoSplit.app */ = {isa = PBXFileReference; explicitFileType = wrapper.application; includeInIndex = 0; path = SakuttoSplit.app; sourceTree = BUILT_PRODUCTS_DIR; };
/* End PBXFileReference section */

/* Begin PBXFileSystemSynchronizedRootGroup section */
		7F14AFA52FA5F82F00FEBF1E /* SakuttoSplitTests */ = {
			isa = PBXFileSystemSynchronizedRootGroup;
			path = SakuttoSplitTests;
			sourceTree = "<group>";
		};
/* End PBXFileSystemSynchronizedRootGroup section */

/* Begin PBXFrameworksBuildPhase section */
		7F14AFA12FA5F82F00FEBF1E /* Frameworks */ = {
			isa = PBXFrameworksBuildPhase;
			buildActionMask = 2147483647;
			files = (
			);
			runOnlyForDeploymentPostprocessing = 0;
		};
		7FDD97C92FA58CB10063A443 /* Frameworks */ = {
			isa = PBXFrameworksBuildPhase;
			buildActionMask = 2147483647;
			files = (
				7FCB1D3330271BE900F74351 /* GoogleMobileAds in Frameworks */,
			);
			runOnlyForDeploymentPostprocessing = 0;
		};
/* End PBXFrameworksBuildPhase section */

/* Begin PBXGroup section */
		7F14AF8D2FA5E85800FEBF1E /* App */ = {
			isa = PBXGroup;
			children = (
				7F14AF892FA5DF4D00FEBF1E /* SakuttoSplitApp.swift */,
			);
			path = App;
			sourceTree = "<group>";
		};
		7F14AF8E2FA5EACE00FEBF1E /* Entity */ = {
			isa = PBXGroup;
			children = (
				7F14AF962FA5EC2100FEBF1E /* AttendeeGroup.swift */,
			);
			path = Entity;
			sourceTree = "<group>";
		};
		7F14AF8F2FA5EAE000FEBF1E /* Extensions */ = {
			isa = PBXGroup;
			children = (
				7F14AF972FA5EC7A00FEBF1E /* View+Extension.swift */,
			);
			path = Extensions;
			sourceTree = "<group>";
		};
		7F14AF902FA5EAEB00FEBF1E /* Modules */ = {
			isa = PBXGroup;
			children = (
				7F14AF912FA5EB4B00FEBF1E /* SakuttoSplit */,
			);
			path = Modules;
			sourceTree = "<group>";
		};
		7F14AF912FA5EB4B00FEBF1E /* SakuttoSplit */ = {
			isa = PBXGroup;
			children = (
				7F14AF932FA5EB5E00FEBF1E /* Interactor */,
				7F14AF952FA5EB6E00FEBF1E /* Router */,
				7F14AF942FA5EB6700FEBF1E /* Presenter */,
				7F14AF922FA5EB5700FEBF1E /* View */,
			);
			path = SakuttoSplit;
			sourceTree = "<group>";
		};
		7F14AF922FA5EB5700FEBF1E /* View */ = {
			isa = PBXGroup;
			children = (
				7F14AF882FA5DF4D00FEBF1E /* SakuttoSplitView.swift */,
			);
			path = View;
			sourceTree = "<group>";
		};
		7F14AF932FA5EB5E00FEBF1E /* Interactor */ = {
			isa = PBXGroup;
			children = (
				7F14AF9A2FA5EDB700FEBF1E /* SakuttoSplitInteractor.swift */,
			);
			path = Interactor;
			sourceTree = "<group>";
		};
		7F14AF942FA5EB6700FEBF1E /* Presenter */ = {
			isa = PBXGroup;
			children = (
				7F14AF9C2FA5EE1700FEBF1E /* SakuttoSplitPresenter.swift */,
			);
			path = Presenter;
			sourceTree = "<group>";
		};
		7F14AF952FA5EB6E00FEBF1E /* Router */ = {
			isa = PBXGroup;
			children = (
				7F14AF9E2FA5EF8600FEBF1E /* SakuttoSplitRouter.swift */,
			);
			path = Router;
			sourceTree = "<group>";
		};
		7F14AFAD2FA5F86600FEBF1E /* SakuttoSplit */ = {
			isa = PBXGroup;
			children = (
				7FCB1D04302718BE00F74351 /* Info.plist */,
				7F14AF8D2FA5E85800FEBF1E /* App */,
				7F14AF902FA5EAEB00FEBF1E /* Modules */,
				7F14AF8F2FA5EAE000FEBF1E /* Extensions */,
				7F14AF8E2FA5EACE00FEBF1E /* Entity */,
				7F585B563029FC3C0011A6CB /* Components */,
				7F14AF872FA5DF4D00FEBF1E /* Assets.xcassets */,
			);
			path = SakuttoSplit;
			sourceTree = "<group>";
		};
		7F585B563029FC3C0011A6CB /* Components */ = {
			isa = PBXGroup;
			children = (
				7F585B573029FC650011A6CB /* AdBannerView.swift */,
			);
			path = Components;
			sourceTree = "<group>";
		};
		7FCB1D3130271BE900F74351 /* Frameworks */ = {
			isa = PBXGroup;
			children = (
			);
			name = Frameworks;
			sourceTree = "<group>";
		};
		7FDD97C32FA58CB10063A443 = {
			isa = PBXGroup;
			children = (
				7F14AFAD2FA5F86600FEBF1E /* SakuttoSplit */,
				7F14AFA52FA5F82F00FEBF1E /* SakuttoSplitTests */,
				7FCB1D3130271BE900F74351 /* Frameworks */,
				7FDD97CD2FA58CB10063A443 /* Products */,
			);
			sourceTree = "<group>";
		};
		7FDD97CD2FA58CB10063A443 /* Products */ = {
			isa = PBXGroup;
			children = (
				7FDD97CC2FA58CB10063A443 /* SakuttoSplit.app */,
				7F14AFA42FA5F82F00FEBF1E /* SakuttoSplitTests.xctest */,
			);
			name = Products;
			sourceTree = "<group>";
		};
/* End PBXGroup section */

/* Begin PBXNativeTarget section */
		7F14AFA32FA5F82F00FEBF1E /* SakuttoSplitTests */ = {
			isa = PBXNativeTarget;
			buildConfigurationList = 7F14AFAA2FA5F82F00FEBF1E /* Build configuration list for PBXNativeTarget "SakuttoSplitTests" */;
			buildPhases = (
				7F14AFA02FA5F82F00FEBF1E /* Sources */,
				7F14AFA12FA5F82F00FEBF1E /* Frameworks */,
				7F14AFA22FA5F82F00FEBF1E /* Resources */,
			);
			buildRules = (
			);
			dependencies = (
				7F14AFA92FA5F82F00FEBF1E /* PBXTargetDependency */,
			);
			fileSystemSynchronizedGroups = (
				7F14AFA52FA5F82F00FEBF1E /* SakuttoSplitTests */,
			);
			name = SakuttoSplitTests;
			packageProductDependencies = (
			);
			productName = LetsSplitTheBillTests;
			productReference = 7F14AFA42FA5F82F00FEBF1E /* SakuttoSplitTests.xctest */;
			productType = "com.apple.product-type.bundle.unit-test";
		};
		7FDD97CB2FA58CB10063A443 /* SakuttoSplit */ = {
			isa = PBXNativeTarget;
			buildConfigurationList = 7FDD97D72FA58CB20063A443 /* Build configuration list for PBXNativeTarget "SakuttoSplit" */;
			buildPhases = (
				7FDD97C82FA58CB10063A443 /* Sources */,
				7FDD97C92FA58CB10063A443 /* Frameworks */,
				7FDD97CA2FA58CB10063A443 /* Resources */,
			);
			buildRules = (
			);
			dependencies = (
			);
			name = SakuttoSplit;
			packageProductDependencies = (
				7FCB1D3230271BE900F74351 /* GoogleMobileAds */,
			);
			productName = LetsSplitTheBill;
			productReference = 7FDD97CC2FA58CB10063A443 /* SakuttoSplit.app */;
			productType = "com.apple.product-type.application";
		};
/* End PBXNativeTarget section */

/* Begin PBXProject section */
		7FDD97C42FA58CB10063A443 /* Project object */ = {
			isa = PBXProject;
			attributes = {
				BuildIndependentTargetsInParallel = 1;
				LastSwiftUpdateCheck = 2640;
				LastUpgradeCheck = 2640;
				TargetAttributes = {
					7F14AFA32FA5F82F00FEBF1E = {
						CreatedOnToolsVersion = 26.4.1;
						TestTargetID = 7FDD97CB2FA58CB10063A443;
					};
					7FDD97CB2FA58CB10063A443 = {
						CreatedOnToolsVersion = 26.4.1;
					};
				};
			};
			buildConfigurationList = 7FDD97C72FA58CB10063A443 /* Build configuration list for PBXProject "SakuttoSplit" */;
			developmentRegion = en;
			hasScannedForEncodings = 0;
			knownRegions = (
				en,
				Base,
			);
			mainGroup = 7FDD97C32FA58CB10063A443;
			minimizedProjectReferenceProxies = 1;
			packageReferences = (
				7FCB1D3030271BD100F74351 /* XCRemoteSwiftPackageReference "swift-package-manager-google-mobile-ads" */,
			);
			preferredProjectObjectVersion = 77;
			productRefGroup = 7FDD97CD2FA58CB10063A443 /* Products */;
			projectDirPath = "";
			projectRoot = "";
			targets = (
				7FDD97CB2FA58CB10063A443 /* SakuttoSplit */,
				7F14AFA32FA5F82F00FEBF1E /* SakuttoSplitTests */,
			);
		};
/* End PBXProject section */

/* Begin PBXResourcesBuildPhase section */
		7F14AFA22FA5F82F00FEBF1E /* Resources */ = {
			isa = PBXResourcesBuildPhase;
			buildActionMask = 2147483647;
			files = (
			);
			runOnlyForDeploymentPostprocessing = 0;
		};
		7FDD97CA2FA58CB10063A443 /* Resources */ = {
			isa = PBXResourcesBuildPhase;
			buildActionMask = 2147483647;
			files = (
				7F14AF8C2FA5DF4D00FEBF1E /* Assets.xcassets in Resources */,
			);
			runOnlyForDeploymentPostprocessing = 0;
		};
/* End PBXResourcesBuildPhase section */

/* Begin PBXSourcesBuildPhase section */
		7F14AFA02FA5F82F00FEBF1E /* Sources */ = {
			isa = PBXSourcesBuildPhase;
			buildActionMask = 2147483647;
			files = (
			);
			runOnlyForDeploymentPostprocessing = 0;
		};
		7FDD97C82FA58CB10063A443 /* Sources */ = {
			isa = PBXSourcesBuildPhase;
			buildActionMask = 2147483647;
			files = (
				7F14AF8A2FA5DF4D00FEBF1E /* SakuttoSplitView.swift in Sources */,
				7F14AF982FA5ED1B00FEBF1E /* AttendeeGroup.swift in Sources */,
				7F14AF992FA5ED3400FEBF1E /* View+Extension.swift in Sources */,
				7F585B583029FC650011A6CB /* AdBannerView.swift in Sources */,
				7F14AF9F2FA5EF8800FEBF1E /* SakuttoSplitRouter.swift in Sources */,
				7F14AF8B2FA5DF4D00FEBF1E /* SakuttoSplitApp.swift in Sources */,
				7F14AF9D2FA5EE2000FEBF1E /* SakuttoSplitPresenter.swift in Sources */,
				7F14AF9B2FA5EDBA00FEBF1E /* SakuttoSplitInteractor.swift in Sources */,
			);
			runOnlyForDeploymentPostprocessing = 0;
		};
/* End PBXSourcesBuildPhase section */

/* Begin PBXTargetDependency section */
		7F14AFA92FA5F82F00FEBF1E /* PBXTargetDependency */ = {
			isa = PBXTargetDependency;
			target = 7FDD97CB2FA58CB10063A443 /* SakuttoSplit */;
			targetProxy = 7F14AFA82FA5F82F00FEBF1E /* PBXContainerItemProxy */;
		};
/* End PBXTargetDependency section */

/* Begin XCBuildConfiguration section */
		7F14AFAB2FA5F82F00FEBF1E /* Debug */ = {
			isa = XCBuildConfiguration;
			buildSettings = {
				BUNDLE_LOADER = "$(TEST_HOST)";
				CODE_SIGN_STYLE = Automatic;
				CURRENT_PROJECT_VERSION = 1;
				GENERATE_INFOPLIST_FILE = YES;
				IPHONEOS_DEPLOYMENT_TARGET = 26.0;
				MARKETING_VERSION = 1.0;
				PRODUCT_BUNDLE_IDENTIFIER = com.wkwk.LetsSplitTheBillTests;
				PRODUCT_NAME = "$(TARGET_NAME)";
				STRING_CATALOG_GENERATE_SYMBOLS = NO;
				SWIFT_APPROACHABLE_CONCURRENCY = YES;
				SWIFT_EMIT_LOC_STRINGS = NO;
				SWIFT_UPCOMING_FEATURE_MEMBER_IMPORT_VISIBILITY = YES;
				SWIFT_VERSION = 5.0;
				TARGETED_DEVICE_FAMILY = "1,2";
				TEST_HOST = "$(BUILT_PRODUCTS_DIR)/SakuttoSplit.app/$(BUNDLE_EXECUTABLE_FOLDER_PATH)/SakuttoSplit";
			};
			name = Debug;
		};
		7F14AFAC2FA5F82F00FEBF1E /* Release */ = {
			isa = XCBuildConfiguration;
			buildSettings = {
				BUNDLE_LOADER = "$(TEST_HOST)";
				CODE_SIGN_STYLE = Automatic;
				CURRENT_PROJECT_VERSION = 1;
				GENERATE_INFOPLIST_FILE = YES;
				IPHONEOS_DEPLOYMENT_TARGET = 26.0;
				MARKETING_VERSION = 1.0;
				PRODUCT_BUNDLE_IDENTIFIER = com.wkwk.LetsSplitTheBillTests;
				PRODUCT_NAME = "$(TARGET_NAME)";
				STRING_CATALOG_GENERATE_SYMBOLS = NO;
				SWIFT_APPROACHABLE_CONCURRENCY = YES;
				SWIFT_EMIT_LOC_STRINGS = NO;
				SWIFT_UPCOMING_FEATURE_MEMBER_IMPORT_VISIBILITY = YES;
				SWIFT_VERSION = 5.0;
				TARGETED_DEVICE_FAMILY = "1,2";
				TEST_HOST = "$(BUILT_PRODUCTS_DIR)/SakuttoSplit.app/$(BUNDLE_EXECUTABLE_FOLDER_PATH)/SakuttoSplit";
			};
			name = Release;
		};
		7FDD97D52FA58CB20063A443 /* Debug */ = {
			isa = XCBuildConfiguration;
			buildSettings = {
				ALWAYS_SEARCH_USER_PATHS = NO;
				ASSETCATALOG_COMPILER_GENERATE_SWIFT_ASSET_SYMBOL_EXTENSIONS = YES;
				CLANG_ANALYZER_NONNULL = YES;
				CLANG_ANALYZER_NUMBER_OBJECT_CONVERSION = YES_AGGRESSIVE;
				CLANG_CXX_LANGUAGE_STANDARD = "gnu++20";
				CLANG_ENABLE_MODULES = YES;
				CLANG_ENABLE_OBJC_ARC = YES;
				CLANG_ENABLE_OBJC_WEAK = YES;
				CLANG_WARN_BLOCK_CAPTURE_AUTORELEASING = YES;
				CLANG_WARN_BOOL_CONVERSION = YES;
				CLANG_WARN_COMMA = YES;
				CLANG_WARN_CONSTANT_CONVERSION = YES;
				CLANG_WARN_DEPRECATED_OBJC_IMPLEMENTATIONS = YES;
				CLANG_WARN_DIRECT_OBJC_ISA_USAGE = YES_ERROR;
				CLANG_WARN_DOCUMENTATION_COMMENTS = YES;
				CLANG_WARN_EMPTY_BODY = YES;
				CLANG_WARN_ENUM_CONVERSION = YES;
				CLANG_WARN_INFINITE_RECURSION = YES;
				CLANG_WARN_INT_CONVERSION = YES;
				CLANG_WARN_NON_LITERAL_NULL_CONVERSION = YES;
				CLANG_WARN_OBJC_IMPLICIT_RETAIN_SELF = YES;
				CLANG_WARN_OBJC_LITERAL_CONVERSION = YES;
				CLANG_WARN_OBJC_ROOT_CLASS = YES_ERROR;
				CLANG_WARN_QUOTED_INCLUDE_IN_FRAMEWORK_HEADER = YES;
				CLANG_WARN_RANGE_LOOP_ANALYSIS = YES;
				CLANG_WARN_STRICT_PROTOTYPES = YES;
				CLANG_WARN_SUSPICIOUS_MOVE = YES;
				CLANG_WARN_UNGUARDED_AVAILABILITY = YES_AGGRESSIVE;
				CLANG_WARN_UNREACHABLE_CODE = YES;
				CLANG_WARN__DUPLICATE_METHOD_MATCH = YES;
				COPY_PHASE_STRIP = NO;
				DEBUG_INFORMATION_FORMAT = dwarf;
				ENABLE_STRICT_OBJC_MSGSEND = YES;
				ENABLE_TESTABILITY = YES;
				ENABLE_USER_SCRIPT_SANDBOXING = YES;
				GCC_C_LANGUAGE_STANDARD = gnu17;
				GCC_DYNAMIC_NO_PIC = NO;
				GCC_NO_COMMON_BLOCKS = YES;
				GCC_OPTIMIZATION_LEVEL = 0;
				GCC_PREPROCESSOR_DEFINITIONS = (
					"DEBUG=1",
					"$(inherited)",
				);
				GCC_WARN_64_TO_32_BIT_CONVERSION = YES;
				GCC_WARN_ABOUT_RETURN_TYPE = YES_ERROR;
				GCC_WARN_UNDECLARED_SELECTOR = YES;
				GCC_WARN_UNINITIALIZED_AUTOS = YES_AGGRESSIVE;
				GCC_WARN_UNUSED_FUNCTION = YES;
				GCC_WARN_UNUSED_VARIABLE = YES;
				IPHONEOS_DEPLOYMENT_TARGET = 26.4;
				LOCALIZATION_PREFERS_STRING_CATALOGS = YES;
				MTL_ENABLE_DEBUG_INFO = INCLUDE_SOURCE;
				MTL_FAST_MATH = YES;
				ONLY_ACTIVE_ARCH = YES;
				SDKROOT = iphoneos;
				SWIFT_ACTIVE_COMPILATION_CONDITIONS = "DEBUG $(inherited)";
				SWIFT_OPTIMIZATION_LEVEL = "-Onone";
			};
			name = Debug;
		};
		7FDD97D62FA58CB20063A443 /* Release */ = {
			isa = XCBuildConfiguration;
			buildSettings = {
				ALWAYS_SEARCH_USER_PATHS = NO;
				ASSETCATALOG_COMPILER_GENERATE_SWIFT_ASSET_SYMBOL_EXTENSIONS = YES;
				CLANG_ANALYZER_NONNULL = YES;
				CLANG_ANALYZER_NUMBER_OBJECT_CONVERSION = YES_AGGRESSIVE;
				CLANG_CXX_LANGUAGE_STANDARD = "gnu++20";
				CLANG_ENABLE_MODULES = YES;
				CLANG_ENABLE_OBJC_ARC = YES;
				CLANG_ENABLE_OBJC_WEAK = YES;
				CLANG_WARN_BLOCK_CAPTURE_AUTORELEASING = YES;
				CLANG_WARN_BOOL_CONVERSION = YES;
				CLANG_WARN_COMMA = YES;
				CLANG_WARN_CONSTANT_CONVERSION = YES;
				CLANG_WARN_DEPRECATED_OBJC_IMPLEMENTATIONS = YES;
				CLANG_WARN_DIRECT_OBJC_ISA_USAGE = YES_ERROR;
				CLANG_WARN_DOCUMENTATION_COMMENTS = YES;
				CLANG_WARN_EMPTY_BODY = YES;
				CLANG_WARN_ENUM_CONVERSION = YES;
				CLANG_WARN_INFINITE_RECURSION = YES;
				CLANG_WARN_INT_CONVERSION = YES;
				CLANG_WARN_NON_LITERAL_NULL_CONVERSION = YES;
				CLANG_WARN_OBJC_IMPLICIT_RETAIN_SELF = YES;
				CLANG_WARN_OBJC_LITERAL_CONVERSION = YES;
				CLANG_WARN_OBJC_ROOT_CLASS = YES_ERROR;
				CLANG_WARN_QUOTED_INCLUDE_IN_FRAMEWORK_HEADER = YES;
				CLANG_WARN_RANGE_LOOP_ANALYSIS = YES;
				CLANG_WARN_STRICT_PROTOTYPES = YES;
				CLANG_WARN_SUSPICIOUS_MOVE = YES;
				CLANG_WARN_UNGUARDED_AVAILABILITY = YES_AGGRESSIVE;
				CLANG_WARN_UNREACHABLE_CODE = YES;
				CLANG_WARN__DUPLICATE_METHOD_MATCH = YES;
				COPY_PHASE_STRIP = NO;
				DEBUG_INFORMATION_FORMAT = "dwarf-with-dsym";
				ENABLE_NS_ASSERTIONS = NO;
				ENABLE_STRICT_OBJC_MSGSEND = YES;
				ENABLE_USER_SCRIPT_SANDBOXING = YES;
				GCC_C_LANGUAGE_STANDARD = gnu17;
				GCC_NO_COMMON_BLOCKS = YES;
				GCC_WARN_64_TO_32_BIT_CONVERSION = YES;
				GCC_WARN_ABOUT_RETURN_TYPE = YES_ERROR;
				GCC_WARN_UNDECLARED_SELECTOR = YES;
				GCC_WARN_UNINITIALIZED_AUTOS = YES_AGGRESSIVE;
				GCC_WARN_UNUSED_FUNCTION = YES;
				GCC_WARN_UNUSED_VARIABLE = YES;
				IPHONEOS_DEPLOYMENT_TARGET = 26.4;
				LOCALIZATION_PREFERS_STRING_CATALOGS = YES;
				MTL_ENABLE_DEBUG_INFO = NO;
				MTL_FAST_MATH = YES;
				SDKROOT = iphoneos;
				SWIFT_COMPILATION_MODE = wholemodule;
				VALIDATE_PRODUCT = YES;
			};
			name = Release;
		};
		7FDD97D82FA58CB20063A443 /* Debug */ = {
			isa = XCBuildConfiguration;
			buildSettings = {
				ASSETCATALOG_COMPILER_APPICON_NAME = AppIcon;
				ASSETCATALOG_COMPILER_GLOBAL_ACCENT_COLOR_NAME = AccentColor;
				CODE_SIGN_IDENTITY = "Apple Development";
				CODE_SIGN_STYLE = Automatic;
				CURRENT_PROJECT_VERSION = 1;
				DEVELOPMENT_TEAM = H6KKP4L92Z;
				ENABLE_PREVIEWS = YES;
				GENERATE_INFOPLIST_FILE = YES;
				INFOPLIST_FILE = SakuttoSplit/Info.plist;
				INFOPLIST_KEY_CFBundleDisplayName = "サクッと割り勘";
				INFOPLIST_KEY_UIApplicationSceneManifest_Generation = YES;
				INFOPLIST_KEY_UIApplicationSupportsIndirectInputEvents = YES;
				INFOPLIST_KEY_UILaunchScreen_Generation = YES;
				INFOPLIST_KEY_UISupportedInterfaceOrientations_iPad = "UIInterfaceOrientationPortrait UIInterfaceOrientationPortraitUpsideDown UIInterfaceOrientationLandscapeLeft UIInterfaceOrientationLandscapeRight";
				INFOPLIST_KEY_UISupportedInterfaceOrientations_iPhone = "UIInterfaceOrientationPortrait UIInterfaceOrientationLandscapeLeft UIInterfaceOrientationLandscapeRight";
				IPHONEOS_DEPLOYMENT_TARGET = 26.0;
				LD_RUNPATH_SEARCH_PATHS = (
					"$(inherited)",
					"@executable_path/Frameworks",
				);
				MARKETING_VERSION = 1.0.0;
				PRODUCT_BUNDLE_IDENTIFIER = "io.github.mw-wakkun.SakuttoSplit";
				PRODUCT_NAME = "$(TARGET_NAME)";
				PROVISIONING_PROFILE_SPECIFIER = "";
				STRING_CATALOG_GENERATE_SYMBOLS = YES;
				SWIFT_APPROACHABLE_CONCURRENCY = YES;
				SWIFT_DEFAULT_ACTOR_ISOLATION = MainActor;
				SWIFT_EMIT_LOC_STRINGS = YES;
				SWIFT_UPCOMING_FEATURE_MEMBER_IMPORT_VISIBILITY = YES;
				SWIFT_VERSION = 5.0;
				TARGETED_DEVICE_FAMILY = "1,2";
			};
			name = Debug;
		};
		7FDD97D92FA58CB20063A443 /* Release */ = {
			isa = XCBuildConfiguration;
			buildSettings = {
				ASSETCATALOG_COMPILER_APPICON_NAME = AppIcon;
				ASSETCATALOG_COMPILER_GLOBAL_ACCENT_COLOR_NAME = AccentColor;
				CODE_SIGN_IDENTITY = "Apple Development";
				CODE_SIGN_STYLE = Automatic;
				CURRENT_PROJECT_VERSION = 1;
				DEVELOPMENT_TEAM = H6KKP4L92Z;
				ENABLE_PREVIEWS = YES;
				GENERATE_INFOPLIST_FILE = YES;
				INFOPLIST_FILE = SakuttoSplit/Info.plist;
				INFOPLIST_KEY_CFBundleDisplayName = "サクッと割り勘";
				INFOPLIST_KEY_UIApplicationSceneManifest_Generation = YES;
				INFOPLIST_KEY_UIApplicationSupportsIndirectInputEvents = YES;
				INFOPLIST_KEY_UILaunchScreen_Generation = YES;
				INFOPLIST_KEY_UISupportedInterfaceOrientations_iPad = "UIInterfaceOrientationPortrait UIInterfaceOrientationPortraitUpsideDown UIInterfaceOrientationLandscapeLeft UIInterfaceOrientationLandscapeRight";
				INFOPLIST_KEY_UISupportedInterfaceOrientations_iPhone = "UIInterfaceOrientationPortrait UIInterfaceOrientationLandscapeLeft UIInterfaceOrientationLandscapeRight";
				IPHONEOS_DEPLOYMENT_TARGET = 26.0;
				LD_RUNPATH_SEARCH_PATHS = (
					"$(inherited)",
					"@executable_path/Frameworks",
				);
				MARKETING_VERSION = 1.0.0;
				PRODUCT_BUNDLE_IDENTIFIER = "io.github.mw-wakkun.SakuttoSplit";
				PRODUCT_NAME = "$(TARGET_NAME)";
				PROVISIONING_PROFILE_SPECIFIER = "";
				STRING_CATALOG_GENERATE_SYMBOLS = YES;
				SWIFT_APPROACHABLE_CONCURRENCY = YES;
				SWIFT_DEFAULT_ACTOR_ISOLATION = MainActor;
				SWIFT_EMIT_LOC_STRINGS = YES;
				SWIFT_UPCOMING_FEATURE_MEMBER_IMPORT_VISIBILITY = YES;
				SWIFT_VERSION = 5.0;
				TARGETED_DEVICE_FAMILY = "1,2";
			};
			name = Release;
		};
/* End XCBuildConfiguration section */

/* Begin XCConfigurationList section */
		7F14AFAA2FA5F82F00FEBF1E /* Build configuration list for PBXNativeTarget "SakuttoSplitTests" */ = {
			isa = XCConfigurationList;
			buildConfigurations = (
				7F14AFAB2FA5F82F00FEBF1E /* Debug */,
				7F14AFAC2FA5F82F00FEBF1E /* Release */,
			);
			defaultConfigurationIsVisible = 0;
			defaultConfigurationName = Release;
		};
		7FDD97C72FA58CB10063A443 /* Build configuration list for PBXProject "SakuttoSplit" */ = {
			isa = XCConfigurationList;
			buildConfigurations = (
				7FDD97D52FA58CB20063A443 /* Debug */,
				7FDD97D62FA58CB20063A443 /* Release */,
			);
			defaultConfigurationIsVisible = 0;
			defaultConfigurationName = Release;
		};
		7FDD97D72FA58CB20063A443 /* Build configuration list for PBXNativeTarget "SakuttoSplit" */ = {
			isa = XCConfigurationList;
			buildConfigurations = (
				7FDD97D82FA58CB20063A443 /* Debug */,
				7FDD97D92FA58CB20063A443 /* Release */,
			);
			defaultConfigurationIsVisible = 0;
			defaultConfigurationName = Release;
		};
/* End XCConfigurationList section */

/* Begin XCRemoteSwiftPackageReference section */
		7FCB1D3030271BD100F74351 /* XCRemoteSwiftPackageReference "swift-package-manager-google-mobile-ads" */ = {
			isa = XCRemoteSwiftPackageReference;
			repositoryURL = "https://github.com/googleads/swift-package-manager-google-mobile-ads.git";
			requirement = {
				kind = upToNextMajorVersion;
				minimumVersion = 13.7.0;
			};
		};
/* End XCRemoteSwiftPackageReference section */

/* Begin XCSwiftPackageProductDependency section */
		7FCB1D3230271BE900F74351 /* GoogleMobileAds */ = {
			isa = XCSwiftPackageProductDependency;
			package = 7FCB1D3030271BD100F74351 /* XCRemoteSwiftPackageReference "swift-package-manager-google-mobile-ads" */;
			productName = GoogleMobileAds;
		};
/* End XCSwiftPackageProductDependency section */
	};
	rootObject = 7FDD97C42FA58CB10063A443 /* Project object */;
}
